
Microsoft Visual Studio Solution File, Format Version 12.00
# Visual Studio 15
VisualStudioVersion = 15.0.28010.2003
MinimumVisualStudioVersion = 10.0.40219.1
Project("{FAE04EC0-301F-11D3-BF4B-00C04F79EFBC}") = "NumSharp", "NumSharp\NumSharp.csproj", "{2681D126-572A-4073-BC4B-A383371394BD}"
EndProject
Project("{FAE04EC0-301F-11D3-BF4B-00C04F79EFBC}") = "NumSharp.UnitTest", "NumSharp.UnitTest\NumSharp.UnitTest.csproj", "{77BD0A49-6EDD-4147-9E3A-9212757F6CA0}"
EndProject
Global
	GlobalSection(SolutionConfigurationPlatforms) = preSolution
		Debug|Any CPU = Debug|Any CPU
		Release|Any CPU = Release|Any CPU
	EndGlobalSection
	GlobalSection(ProjectConfigurationPlatforms) = postSolution
		{2681D126-572A-4073-BC4B-A383371394BD}.Debug|Any CPU.ActiveCfg = Debug|Any CPU
		{2681D126-572A-4073-BC4B-A383371394BD}.Debug|Any CPU.Build.0 = Debug|Any CPU
		{2681D126-572A-4073-BC4B-A383371394BD}.Release|Any CPU.ActiveCfg = Release|Any CPU
		{2681D126-572A-4073-BC4B-A383371394BD}.Release|Any CPU.Build.0 = Release|Any CPU
		{77BD0A49-6EDD-4147-9E3A-9212757F6CA0}.Debug|Any CPU.ActiveCfg = Debug|Any CPU
		{77BD0A49-6EDD-4147-9E3A-9212757F6CA0}.Debug|Any CPU.Build.0 = Debug|Any CPU
		{77BD0A49-6EDD-4147-9E3A-9212757F6CA0}.Release|Any CPU.ActiveCfg = Release|Any CPU
		{77BD0A49-6EDD-4147-9E3A-9212757F6CA0}.Release|Any CPU.Build.0 = Release|Any CPU
	EndGlobalSection
	GlobalSection(SolutionProperties) = preSolution
		HideSolutionNode = FALSE
	EndGlobalSection
	GlobalSection(ExtensibilityGlobals) = postSolution
		SolutionGuid = {4E76C21C-C7A8-4A7B-B408-D5F551E83BDD}
	EndGlobalSection
EndGlobal
