
Microsoft Visual Studio Solution File, Format Version 12.00
# Visual Studio Version 16
VisualStudioVersion = 16.0.29519.181
MinimumVisualStudioVersion = 10.0.40219.1
Project("{9A19103F-16F7-4668-BE54-9A1E7A4F7556}") = "NumSharp", "src\NumSharp.Core\NumSharp.csproj", "{40F18710-82E3-4058-9B45-CB49617CB42A}"
EndProject
Project("{9A19103F-16F7-4668-BE54-9A1E7A4F7556}") = "NumSharp.Bitmap", "src\NumSharp.Bitmap\NumSharp.Bitmap.csproj", "{C0AE0777-19F0-43AB-B453-8C3D8156827F}"
EndProject
Project("{9A19103F-16F7-4668-BE54-9A1E7A4F7556}") = "NumSharp.Benchmark", "test\NumSharp.Benchmark\NumSharp.Benchmark.csproj", "{65C622CE-473B-44CA-8F8E-19B081D80BE9}"
EndProject
Project("{9A19103F-16F7-4668-BE54-9A1E7A4F7556}") = "ConsoleTest", "test\ConsoleTest\ConsoleTest.csproj", "{B3CC45B6-892F-4831-9FFC-9657080BB06A}"
EndProject
Project("{9A19103F-16F7-4668-BE54-9A1E7A4F7556}") = "NeuralNetwork.NumSharp", "examples\NeuralNetwork.NumSharp\NeuralNetwork.NumSharp.csproj", "{6F2B5572-60C6-42E0-A3EA-ECF70294F098}"
EndProject
Project("{9A19103F-16F7-4668-BE54-9A1E7A4F7556}") = "NumSharp.Examples", "test\NumSharp.Examples\NumSharp.Examples.csproj", "{13109654-3013-4D5B-A978-89D83336B196}"
EndProject
Project("{9A19103F-16F7-4668-BE54-9A1E7A4F7556}") = "NumSharp.UnitTest", "test\NumSharp.UnitTest\NumSharp.UnitTest.csproj", "{044768DB-F7AA-4D91-9941-AD6D055CF9E2}"
EndProject
Global
	GlobalSection(SolutionConfigurationPlatforms) = preSolution
		Debug|Any CPU = Debug|Any CPU
		Debug|x64 = Debug|x64
		Debug|x86 = Debug|x86
		Debug-Minimal|Any CPU = Debug-Minimal|Any CPU
		Debug-Minimal|x64 = Debug-Minimal|x64
		Debug-Minimal|x86 = Debug-Minimal|x86
		Publish|Any CPU = Publish|Any CPU
		Publish|x64 = Publish|x64
		Publish|x86 = Publish|x86
		Release|Any CPU = Release|Any CPU
		Release|x64 = Release|x64
		Release|x86 = Release|x86
	EndGlobalSection
	GlobalSection(ProjectConfigurationPlatforms) = postSolution
		{40F18710-82E3-4058-9B45-CB49617CB42A}.Debug|Any CPU.ActiveCfg = Debug|Any CPU
		{40F18710-82E3-4058-9B45-CB49617CB42A}.Debug|Any CPU.Build.0 = Debug|Any CPU
		{40F18710-82E3-4058-9B45-CB49617CB42A}.Debug|x64.ActiveCfg = Debug|x64
		{40F18710-82E3-4058-9B45-CB49617CB42A}.Debug|x64.Build.0 = Debug|x64
		{40F18710-82E3-4058-9B45-CB49617CB42A}.Debug|x86.ActiveCfg = Debug|x86
		{40F18710-82E3-4058-9B45-CB49617CB42A}.Debug|x86.Build.0 = Debug|x86
		{40F18710-82E3-4058-9B45-CB49617CB42A}.Debug-Minimal|Any CPU.ActiveCfg = Debug|Any CPU
		{40F18710-82E3-4058-9B45-CB49617CB42A}.Debug-Minimal|Any CPU.Build.0 = Debug|Any CPU
		{40F18710-82E3-4058-9B45-CB49617CB42A}.Debug-Minimal|x64.ActiveCfg = Debug|x64
		{40F18710-82E3-4058-9B45-CB49617CB42A}.Debug-Minimal|x64.Build.0 = Debug|x64
		{40F18710-82E3-4058-9B45-CB49617CB42A}.Debug-Minimal|x86.ActiveCfg = Debug|x86
		{40F18710-82E3-4058-9B45-CB49617CB42A}.Debug-Minimal|x86.Build.0 = Debug|x86
		{40F18710-82E3-4058-9B45-CB49617CB42A}.Publish|Any CPU.ActiveCfg = Release|Any CPU
		{40F18710-82E3-4058-9B45-CB49617CB42A}.Publish|Any CPU.Build.0 = Release|Any CPU
		{40F18710-82E3-4058-9B45-CB49617CB42A}.Publish|x64.ActiveCfg = Release|x64
		{40F18710-82E3-4058-9B45-CB49617CB42A}.Publish|x64.Build.0 = Release|x64
		{40F18710-82E3-4058-9B45-CB49617CB42A}.Publish|x86.ActiveCfg = Release|x86
		{40F18710-82E3-4058-9B45-CB49617CB42A}.Publish|x86.Build.0 = Release|x86
		{40F18710-82E3-4058-9B45-CB49617CB42A}.Release|Any CPU.ActiveCfg = Release|Any CPU
		{40F18710-82E3-4058-9B45-CB49617CB42A}.Release|Any CPU.Build.0 = Release|Any CPU
		{40F18710-82E3-4058-9B45-CB49617CB42A}.Release|x64.ActiveCfg = Release|x64
		{40F18710-82E3-4058-9B45-CB49617CB42A}.Release|x64.Build.0 = Release|x64
		{40F18710-82E3-4058-9B45-CB49617CB42A}.Release|x86.ActiveCfg = Release|x86
		{40F18710-82E3-4058-9B45-CB49617CB42A}.Release|x86.Build.0 = Release|x86
		{C0AE0777-19F0-43AB-B453-8C3D8156827F}.Debug|Any CPU.ActiveCfg = Debug|Any CPU
		{C0AE0777-19F0-43AB-B453-8C3D8156827F}.Debug|Any CPU.Build.0 = Debug|Any CPU
		{C0AE0777-19F0-43AB-B453-8C3D8156827F}.Debug|x64.ActiveCfg = Debug|x64
		{C0AE0777-19F0-43AB-B453-8C3D8156827F}.Debug|x64.Build.0 = Debug|x64
		{C0AE0777-19F0-43AB-B453-8C3D8156827F}.Debug|x86.ActiveCfg = Debug|Any CPU
		{C0AE0777-19F0-43AB-B453-8C3D8156827F}.Debug|x86.Build.0 = Debug|Any CPU
		{C0AE0777-19F0-43AB-B453-8C3D8156827F}.Debug-Minimal|Any CPU.ActiveCfg = Debug-Minimal|Any CPU
		{C0AE0777-19F0-43AB-B453-8C3D8156827F}.Debug-Minimal|Any CPU.Build.0 = Debug-Minimal|Any CPU
		{C0AE0777-19F0-43AB-B453-8C3D8156827F}.Debug-Minimal|x64.ActiveCfg = Debug-Minimal|x64
		{C0AE0777-19F0-43AB-B453-8C3D8156827F}.Debug-Minimal|x64.Build.0 = Debug-Minimal|x64
		{C0AE0777-19F0-43AB-B453-8C3D8156827F}.Debug-Minimal|x86.ActiveCfg = Debug-Minimal|Any CPU
		{C0AE0777-19F0-43AB-B453-8C3D8156827F}.Debug-Minimal|x86.Build.0 = Debug-Minimal|Any CPU
		{C0AE0777-19F0-43AB-B453-8C3D8156827F}.Publish|Any CPU.ActiveCfg = Publish|Any CPU
		{C0AE0777-19F0-43AB-B453-8C3D8156827F}.Publish|Any CPU.Build.0 = Publish|Any CPU
		{C0AE0777-19F0-43AB-B453-8C3D8156827F}.Publish|x64.ActiveCfg = Publish|x64
		{C0AE0777-19F0-43AB-B453-8C3D8156827F}.Publish|x64.Build.0 = Publish|x64
		{C0AE0777-19F0-43AB-B453-8C3D8156827F}.Publish|x86.ActiveCfg = Publish|Any CPU
		{C0AE0777-19F0-43AB-B453-8C3D8156827F}.Publish|x86.Build.0 = Publish|Any CPU
		{C0AE0777-19F0-43AB-B453-8C3D8156827F}.Release|Any CPU.ActiveCfg = Release|Any CPU
		{C0AE0777-19F0-43AB-B453-8C3D8156827F}.Release|Any CPU.Build.0 = Release|Any CPU
		{C0AE0777-19F0-43AB-B453-8C3D8156827F}.Release|x64.ActiveCfg = Release|x64
		{C0AE0777-19F0-43AB-B453-8C3D8156827F}.Release|x64.Build.0 = Release|x64
		{C0AE0777-19F0-43AB-B453-8C3D8156827F}.Release|x86.ActiveCfg = Release|Any CPU
		{C0AE0777-19F0-43AB-B453-8C3D8156827F}.Release|x86.Build.0 = Release|Any CPU
		{65C622CE-473B-44CA-8F8E-19B081D80BE9}.Debug|Any CPU.ActiveCfg = Debug|Any CPU
		{65C622CE-473B-44CA-8F8E-19B081D80BE9}.Debug|Any CPU.Build.0 = Debug|Any CPU
		{65C622CE-473B-44CA-8F8E-19B081D80BE9}.Debug|x64.ActiveCfg = Debug|x64
		{65C622CE-473B-44CA-8F8E-19B081D80BE9}.Debug|x64.Build.0 = Debug|x64
		{65C622CE-473B-44CA-8F8E-19B081D80BE9}.Debug|x86.ActiveCfg = Debug|Any CPU
		{65C622CE-473B-44CA-8F8E-19B081D80BE9}.Debug|x86.Build.0 = Debug|Any CPU
		{65C622CE-473B-44CA-8F8E-19B081D80BE9}.Debug-Minimal|Any CPU.ActiveCfg = Debug-Minimal|Any CPU
		{65C622CE-473B-44CA-8F8E-19B081D80BE9}.Debug-Minimal|Any CPU.Build.0 = Debug-Minimal|Any CPU
		{65C622CE-473B-44CA-8F8E-19B081D80BE9}.Debug-Minimal|x64.ActiveCfg = Debug-Minimal|x64
		{65C622CE-473B-44CA-8F8E-19B081D80BE9}.Debug-Minimal|x64.Build.0 = Debug-Minimal|x64
		{65C622CE-473B-44CA-8F8E-19B081D80BE9}.Debug-Minimal|x86.ActiveCfg = Debug-Minimal|Any CPU
		{65C622CE-473B-44CA-8F8E-19B081D80BE9}.Debug-Minimal|x86.Build.0 = Debug-Minimal|Any CPU
		{65C622CE-473B-44CA-8F8E-19B081D80BE9}.Publish|Any CPU.ActiveCfg = Publish|Any CPU
		{65C622CE-473B-44CA-8F8E-19B081D80BE9}.Publish|Any CPU.Build.0 = Publish|Any CPU
		{65C622CE-473B-44CA-8F8E-19B081D80BE9}.Publish|x64.ActiveCfg = Publish|x64
		{65C622CE-473B-44CA-8F8E-19B081D80BE9}.Publish|x64.Build.0 = Publish|x64
		{65C622CE-473B-44CA-8F8E-19B081D80BE9}.Publish|x86.ActiveCfg = Publish|Any CPU
		{65C622CE-473B-44CA-8F8E-19B081D80BE9}.Publish|x86.Build.0 = Publish|Any CPU
		{65C622CE-473B-44CA-8F8E-19B081D80BE9}.Release|Any CPU.ActiveCfg = Release|Any CPU
		{65C622CE-473B-44CA-8F8E-19B081D80BE9}.Release|Any CPU.Build.0 = Release|Any CPU
		{65C622CE-473B-44CA-8F8E-19B081D80BE9}.Release|x64.ActiveCfg = Release|x64
		{65C622CE-473B-44CA-8F8E-19B081D80BE9}.Release|x64.Build.0 = Release|x64
		{65C622CE-473B-44CA-8F8E-19B081D80BE9}.Release|x86.ActiveCfg = Release|Any CPU
		{65C622CE-473B-44CA-8F8E-19B081D80BE9}.Release|x86.Build.0 = Release|Any CPU
		{B3CC45B6-892F-4831-9FFC-9657080BB06A}.Debug|Any CPU.ActiveCfg = Debug|Any CPU
		{B3CC45B6-892F-4831-9FFC-9657080BB06A}.Debug|Any CPU.Build.0 = Debug|Any CPU
		{B3CC45B6-892F-4831-9FFC-9657080BB06A}.Debug|x64.ActiveCfg = Debug|Any CPU
		{B3CC45B6-892F-4831-9FFC-9657080BB06A}.Debug|x64.Build.0 = Debug|Any CPU
		{B3CC45B6-892F-4831-9FFC-9657080BB06A}.Debug|x86.ActiveCfg = Debug|Any CPU
		{B3CC45B6-892F-4831-9FFC-9657080BB06A}.Debug|x86.Build.0 = Debug|Any CPU
		{B3CC45B6-892F-4831-9FFC-9657080BB06A}.Debug-Minimal|Any CPU.ActiveCfg = Debug|Any CPU
		{B3CC45B6-892F-4831-9FFC-9657080BB06A}.Debug-Minimal|Any CPU.Build.0 = Debug|Any CPU
		{B3CC45B6-892F-4831-9FFC-9657080BB06A}.Debug-Minimal|x64.ActiveCfg = Debug|Any CPU
		{B3CC45B6-892F-4831-9FFC-9657080BB06A}.Debug-Minimal|x64.Build.0 = Debug|Any CPU
		{B3CC45B6-892F-4831-9FFC-9657080BB06A}.Debug-Minimal|x86.ActiveCfg = Debug|Any CPU
		{B3CC45B6-892F-4831-9FFC-9657080BB06A}.Debug-Minimal|x86.Build.0 = Debug|Any CPU
		{B3CC45B6-892F-4831-9FFC-9657080BB06A}.Publish|Any CPU.ActiveCfg = Release|Any CPU
		{B3CC45B6-892F-4831-9FFC-9657080BB06A}.Publish|Any CPU.Build.0 = Release|Any CPU
		{B3CC45B6-892F-4831-9FFC-9657080BB06A}.Publish|x64.ActiveCfg = Release|Any CPU
		{B3CC45B6-892F-4831-9FFC-9657080BB06A}.Publish|x64.Build.0 = Release|Any CPU
		{B3CC45B6-892F-4831-9FFC-9657080BB06A}.Publish|x86.ActiveCfg = Release|Any CPU
		{B3CC45B6-892F-4831-9FFC-9657080BB06A}.Publish|x86.Build.0 = Release|Any CPU
		{B3CC45B6-892F-4831-9FFC-9657080BB06A}.Release|Any CPU.ActiveCfg = Release|Any CPU
		{B3CC45B6-892F-4831-9FFC-9657080BB06A}.Release|Any CPU.Build.0 = Release|Any CPU
		{B3CC45B6-892F-4831-9FFC-9657080BB06A}.Release|x64.ActiveCfg = Release|Any CPU
		{B3CC45B6-892F-4831-9FFC-9657080BB06A}.Release|x64.Build.0 = Release|Any CPU
		{B3CC45B6-892F-4831-9FFC-9657080BB06A}.Release|x86.ActiveCfg = Release|Any CPU
		{B3CC45B6-892F-4831-9FFC-9657080BB06A}.Release|x86.Build.0 = Release|Any CPU
		{6F2B5572-60C6-42E0-A3EA-ECF70294F098}.Debug|Any CPU.ActiveCfg = Debug|Any CPU
		{6F2B5572-60C6-42E0-A3EA-ECF70294F098}.Debug|Any CPU.Build.0 = Debug|Any CPU
		{6F2B5572-60C6-42E0-A3EA-ECF70294F098}.Debug|x64.ActiveCfg = Debug|x64
		{6F2B5572-60C6-42E0-A3EA-ECF70294F098}.Debug|x64.Build.0 = Debug|x64
		{6F2B5572-60C6-42E0-A3EA-ECF70294F098}.Debug|x86.ActiveCfg = Debug|Any CPU
		{6F2B5572-60C6-42E0-A3EA-ECF70294F098}.Debug|x86.Build.0 = Debug|Any CPU
		{6F2B5572-60C6-42E0-A3EA-ECF70294F098}.Debug-Minimal|Any CPU.ActiveCfg = Debug|Any CPU
		{6F2B5572-60C6-42E0-A3EA-ECF70294F098}.Debug-Minimal|Any CPU.Build.0 = Debug|Any CPU
		{6F2B5572-60C6-42E0-A3EA-ECF70294F098}.Debug-Minimal|x64.ActiveCfg = Debug|x64
		{6F2B5572-60C6-42E0-A3EA-ECF70294F098}.Debug-Minimal|x64.Build.0 = Debug|x64
		{6F2B5572-60C6-42E0-A3EA-ECF70294F098}.Debug-Minimal|x86.ActiveCfg = Debug|Any CPU
		{6F2B5572-60C6-42E0-A3EA-ECF70294F098}.Debug-Minimal|x86.Build.0 = Debug|Any CPU
		{6F2B5572-60C6-42E0-A3EA-ECF70294F098}.Publish|Any CPU.ActiveCfg = Release|Any CPU
		{6F2B5572-60C6-42E0-A3EA-ECF70294F098}.Publish|Any CPU.Build.0 = Release|Any CPU
		{6F2B5572-60C6-42E0-A3EA-ECF70294F098}.Publish|x64.ActiveCfg = Release|x64
		{6F2B5572-60C6-42E0-A3EA-ECF70294F098}.Publish|x64.Build.0 = Release|x64
		{6F2B5572-60C6-42E0-A3EA-ECF70294F098}.Publish|x86.ActiveCfg = Release|Any CPU
		{6F2B5572-60C6-42E0-A3EA-ECF70294F098}.Publish|x86.Build.0 = Release|Any CPU
		{6F2B5572-60C6-42E0-A3EA-ECF70294F098}.Release|Any CPU.ActiveCfg = Release|Any CPU
		{6F2B5572-60C6-42E0-A3EA-ECF70294F098}.Release|Any CPU.Build.0 = Release|Any CPU
		{6F2B5572-60C6-42E0-A3EA-ECF70294F098}.Release|x64.ActiveCfg = Release|x64
		{6F2B5572-60C6-42E0-A3EA-ECF70294F098}.Release|x64.Build.0 = Release|x64
		{6F2B5572-60C6-42E0-A3EA-ECF70294F098}.Release|x86.ActiveCfg = Release|Any CPU
		{6F2B5572-60C6-42E0-A3EA-ECF70294F098}.Release|x86.Build.0 = Release|Any CPU
		{13109654-3013-4D5B-A978-89D83336B196}.Debug|Any CPU.ActiveCfg = Debug|Any CPU
		{13109654-3013-4D5B-A978-89D83336B196}.Debug|Any CPU.Build.0 = Debug|Any CPU
		{13109654-3013-4D5B-A978-89D83336B196}.Debug|x64.ActiveCfg = Debug|Any CPU
		{13109654-3013-4D5B-A978-89D83336B196}.Debug|x64.Build.0 = Debug|Any CPU
		{13109654-3013-4D5B-A978-89D83336B196}.Debug|x86.ActiveCfg = Debug|Any CPU
		{13109654-3013-4D5B-A978-89D83336B196}.Debug|x86.Build.0 = Debug|Any CPU
		{13109654-3013-4D5B-A978-89D83336B196}.Debug-Minimal|Any CPU.ActiveCfg = Debug|Any CPU
		{13109654-3013-4D5B-A978-89D83336B196}.Debug-Minimal|Any CPU.Build.0 = Debug|Any CPU
		{13109654-3013-4D5B-A978-89D83336B196}.Debug-Minimal|x64.ActiveCfg = Debug|Any CPU
		{13109654-3013-4D5B-A978-89D83336B196}.Debug-Minimal|x64.Build.0 = Debug|Any CPU
		{13109654-3013-4D5B-A978-89D83336B196}.Debug-Minimal|x86.ActiveCfg = Debug|Any CPU
		{13109654-3013-4D5B-A978-89D83336B196}.Debug-Minimal|x86.Build.0 = Debug|Any CPU
		{13109654-3013-4D5B-A978-89D83336B196}.Publish|Any CPU.ActiveCfg = Release|Any CPU
		{13109654-3013-4D5B-A978-89D83336B196}.Publish|Any CPU.Build.0 = Release|Any CPU
		{13109654-3013-4D5B-A978-89D83336B196}.Publish|x64.ActiveCfg = Release|Any CPU
		{13109654-3013-4D5B-A978-89D83336B196}.Publish|x64.Build.0 = Release|Any CPU
		{13109654-3013-4D5B-A978-89D83336B196}.Publish|x86.ActiveCfg = Release|Any CPU
		{13109654-3013-4D5B-A978-89D83336B196}.Publish|x86.Build.0 = Release|Any CPU
		{13109654-3013-4D5B-A978-89D83336B196}.Release|Any CPU.ActiveCfg = Release|Any CPU
		{13109654-3013-4D5B-A978-89D83336B196}.Release|Any CPU.Build.0 = Release|Any CPU
		{13109654-3013-4D5B-A978-89D83336B196}.Release|x64.ActiveCfg = Release|Any CPU
		{13109654-3013-4D5B-A978-89D83336B196}.Release|x64.Build.0 = Release|Any CPU
		{13109654-3013-4D5B-A978-89D83336B196}.Release|x86.ActiveCfg = Release|Any CPU
		{13109654-3013-4D5B-A978-89D83336B196}.Release|x86.Build.0 = Release|Any CPU
		{044768DB-F7AA-4D91-9941-AD6D055CF9E2}.Debug|Any CPU.ActiveCfg = Debug|Any CPU
		{044768DB-F7AA-4D91-9941-AD6D055CF9E2}.Debug|Any CPU.Build.0 = Debug|Any CPU
		{044768DB-F7AA-4D91-9941-AD6D055CF9E2}.Debug|x64.ActiveCfg = Debug|x64
		{044768DB-F7AA-4D91-9941-AD6D055CF9E2}.Debug|x64.Build.0 = Debug|x64
		{044768DB-F7AA-4D91-9941-AD6D055CF9E2}.Debug|x86.ActiveCfg = Debug|Any CPU
		{044768DB-F7AA-4D91-9941-AD6D055CF9E2}.Debug|x86.Build.0 = Debug|Any CPU
		{044768DB-F7AA-4D91-9941-AD6D055CF9E2}.Debug-Minimal|Any CPU.ActiveCfg = Debug-Minimal|Any CPU
		{044768DB-F7AA-4D91-9941-AD6D055CF9E2}.Debug-Minimal|Any CPU.Build.0 = Debug-Minimal|Any CPU
		{044768DB-F7AA-4D91-9941-AD6D055CF9E2}.Debug-Minimal|x64.ActiveCfg = Debug-Minimal|x64
		{044768DB-F7AA-4D91-9941-AD6D055CF9E2}.Debug-Minimal|x64.Build.0 = Debug-Minimal|x64
		{044768DB-F7AA-4D91-9941-AD6D055CF9E2}.Debug-Minimal|x86.ActiveCfg = Debug-Minimal|Any CPU
		{044768DB-F7AA-4D91-9941-AD6D055CF9E2}.Debug-Minimal|x86.Build.0 = Debug-Minimal|Any CPU
		{044768DB-F7AA-4D91-9941-AD6D055CF9E2}.Publish|Any CPU.ActiveCfg = Publish|Any CPU
		{044768DB-F7AA-4D91-9941-AD6D055CF9E2}.Publish|Any CPU.Build.0 = Publish|Any CPU
		{044768DB-F7AA-4D91-9941-AD6D055CF9E2}.Publish|x64.ActiveCfg = Publish|x64
		{044768DB-F7AA-4D91-9941-AD6D055CF9E2}.Publish|x64.Build.0 = Publish|x64
		{044768DB-F7AA-4D91-9941-AD6D055CF9E2}.Publish|x86.ActiveCfg = Publish|Any CPU
		{044768DB-F7AA-4D91-9941-AD6D055CF9E2}.Publish|x86.Build.0 = Publish|Any CPU
		{044768DB-F7AA-4D91-9941-AD6D055CF9E2}.Release|Any CPU.ActiveCfg = Release|Any CPU
		{044768DB-F7AA-4D91-9941-AD6D055CF9E2}.Release|Any CPU.Build.0 = Release|Any CPU
		{044768DB-F7AA-4D91-9941-AD6D055CF9E2}.Release|x64.ActiveCfg = Release|x64
		{044768DB-F7AA-4D91-9941-AD6D055CF9E2}.Release|x64.Build.0 = Release|x64
		{044768DB-F7AA-4D91-9941-AD6D055CF9E2}.Release|x86.ActiveCfg = Release|Any CPU
		{044768DB-F7AA-4D91-9941-AD6D055CF9E2}.Release|x86.Build.0 = Release|Any CPU
	EndGlobalSection
	GlobalSection(SolutionProperties) = preSolution
		HideSolutionNode = FALSE
	EndGlobalSection
	GlobalSection(ExtensibilityGlobals) = postSolution
		SolutionGuid = {4E76C21C-C7A8-4A7B-B408-D5F551E83BDD}
	EndGlobalSection
EndGlobal
